// !$*UTF8*$!
{
	archiveVersion = 1;
	classes = {
	};
	objectVersion = 46;
	objects = {

/* Begin PBXBuildFile section */
		CA0ACC661CBB852A00B8E22E /* AppDelegate.swift in Sources */ = {isa = PBXBuildFile; fileRef = CA0ACC651CBB852A00B8E22E /* AppDelegate.swift */; };
		CA0ACC681CBB852A00B8E22E /* RecordSoundsViewController.swift in Sources */ = {isa = PBXBuildFile; fileRef = CA0ACC671CBB852A00B8E22E /* RecordSoundsViewController.swift */; };
		CA0ACC6B1CBB852A00B8E22E /* Main.storyboard in Resources */ = {isa = PBXBuildFile; fileRef = CA0ACC691CBB852A00B8E22E /* Main.storyboard */; };
		CA0ACC701CBB852A00B8E22E /* LaunchScreen.storyboard in Resources */ = {isa = PBXBuildFile; fileRef = CA0ACC6E1CBB852A00B8E22E /* LaunchScreen.storyboard */; };
		CA0ACC781CC0EE2C00B8E22E /* PlaySoundsViewController.swift in Sources */ = {isa = PBXBuildFile; fileRef = CA0ACC771CC0EE2C00B8E22E /* PlaySoundsViewController.swift */; };
		CA0ACC7A1CC0F69B00B8E22E /* Assets.xcassets in Resources */ = {isa = PBXBuildFile; fileRef = CA0ACC791CC0F69B00B8E22E /* Assets.xcassets */; };
/* End PBXBuildFile section */

/* Begin PBXFileReference section */
		CA0ACC621CBB852A00B8E22E /* PitchPerfect.app */ = {isa = PBXFileReference; explicitFileType = wrapper.application; includeInIndex = 0; path = PitchPerfect.app; sourceTree = BUILT_PRODUCTS_DIR; };
		CA0ACC651CBB852A00B8E22E /* AppDelegate.swift */ = {isa = PBXFileReference; lastKnownFileType = sourcecode.swift; path = AppDelegate.swift; sourceTree = "<group>"; };
		CA0ACC671CBB852A00B8E22E /* RecordSoundsViewController.swift */ = {isa = PBXFileReference; lastKnownFileType = sourcecode.swift; path = RecordSoundsViewController.swift; sourceTree = "<group>"; };
		CA0ACC6A1CBB852A00B8E22E /* Base */ = {isa = PBXFileReference; lastKnownFileType = file.storyboard; name = Base; path = Base.lproj/Main.storyboard; sourceTree = "<group>"; };
		CA0ACC6F1CBB852A00B8E22E /* Base */ = {isa = PBXFileReference; lastKnownFileType = file.storyboard; name = Base; path = Base.lproj/LaunchScreen.storyboard; sourceTree = "<group>"; };
		CA0ACC711CBB852A00B8E22E /* Info.plist */ = {isa = PBXFileReference; lastKnownFileType = text.plist.xml; path = Info.plist; sourceTree = "<group>"; };
		CA0ACC771CC0EE2C00B8E22E /* PlaySoundsViewController.swift */ = {isa = PBXFileReference; fileEncoding = 4; lastKnownFileType = sourcecode.swift; path = PlaySoundsViewController.swift; sourceTree = "<group>"; };
		CA0ACC791CC0F69B00B8E22E /* Assets.xcassets */ = {isa = PBXFileReference; lastKnownFileType = folder.assetcatalog; path = Assets.xcassets; sourceTree = "<group>"; };
/* End PBXFileReference section */

/* Begin PBXFrameworksBuildPhase section */
		CA0ACC5F1CBB852A00B8E22E /* Frameworks */ = {
			isa = PBXFrameworksBuildPhase;
			buildActionMask = 2147483647;
			files = (
			);
			runOnlyForDeploymentPostprocessing = 0;
		};
/* End PBXFrameworksBuildPhase section */

/* Begin PBXGroup section */
		CA0ACC591CBB852A00B8E22E = {
			isa = PBXGroup;
			children = (
				CA0ACC641CBB852A00B8E22E /* PitchPerfect */,
				CA0ACC631CBB852A00B8E22E /* Products */,
			);
			sourceTree = "<group>";
		};
		CA0ACC631CBB852A00B8E22E /* Products */ = {
			isa = PBXGroup;
			children = (
				CA0ACC621CBB852A00B8E22E /* PitchPerfect.app */,
			);
			name = Products;
			sourceTree = "<group>";
		};
		CA0ACC641CBB852A00B8E22E /* PitchPerfect */ = {
			isa = PBXGroup;
			children = (
				CA0ACC651CBB852A00B8E22E /* AppDelegate.swift */,
				CA0ACC671CBB852A00B8E22E /* RecordSoundsViewController.swift */,
				CA0ACC771CC0EE2C00B8E22E /* PlaySoundsViewController.swift */,
				CA0ACC691CBB852A00B8E22E /* Main.storyboard */,
				CA0ACC791CC0F69B00B8E22E /* Assets.xcassets */,
				CA0ACC6E1CBB852A00B8E22E /* LaunchScreen.storyboard */,
				CA0ACC711CBB852A00B8E22E /* Info.plist */,
			);
			path = PitchPerfect;
			sourceTree = "<group>";
		};
/* End PBXGroup section */

/* Begin PBXNativeTarget section */
		CA0ACC611CBB852A00B8E22E /* PitchPerfect */ = {
			isa = PBXNativeTarget;
			buildConfigurationList = CA0ACC741CBB852A00B8E22E /* Build configuration list for PBXNativeTarget "PitchPerfect" */;
			buildPhases = (
				CA0ACC5E1CBB852A00B8E22E /* Sources */,
				CA0ACC5F1CBB852A00B8E22E /* Frameworks */,
				CA0ACC601CBB852A00B8E22E /* Resources */,
			);
			buildRules = (
			);
			dependencies = (
			);
			name = PitchPerfect;
			productName = PitchPerfect;
			productReference = CA0ACC621CBB852A00B8E22E /* PitchPerfect.app */;
			productType = "com.apple.product-type.application";
		};
/* End PBXNativeTarget section */

/* Begin PBXProject section */
		CA0ACC5A1CBB852A00B8E22E /* Project object */ = {
			isa = PBXProject;
			attributes = {
				LastSwiftUpdateCheck = 0730;
				LastUpgradeCheck = 0730;
				ORGANIZATIONNAME = Kirill;
				TargetAttributes = {
					CA0ACC611CBB852A00B8E22E = {
						CreatedOnToolsVersion = 7.3;
						DevelopmentTeam = A24L6E5WJ8;
					};
				};
			};
			buildConfigurationList = CA0ACC5D1CBB852A00B8E22E /* Build configuration list for PBXProject "PitchPerfect" */;
			compatibilityVersion = "Xcode 3.2";
			developmentRegion = English;
			hasScannedForEncodings = 0;
			knownRegions = (
				en,
				Base,
			);
			mainGroup = CA0ACC591CBB852A00B8E22E;
			productRefGroup = CA0ACC631CBB852A00B8E22E /* Products */;
			projectDirPath = "";
			projectRoot = "";
			targets = (
				CA0ACC611CBB852A00B8E22E /* PitchPerfect */,
			);
		};
/* End PBXProject section */

/* Begin PBXResourcesBuildPhase section */
		CA0ACC601CBB852A00B8E22E /* Resources */ = {
			isa = PBXResourcesBuildPhase;
			buildActionMask = 2147483647;
			files = (
				CA0ACC701CBB852A00B8E22E /* LaunchScreen.storyboard in Resources */,
				CA0ACC7A1CC0F69B00B8E22E /* Assets.xcassets in Resources */,
				CA0ACC6B1CBB852A00B8E22E /* Main.storyboard in Resources */,
			);
			runOnlyForDeploymentPostprocessing = 0;
		};
/* End PBXResourcesBuildPhase section */

/* Begin PBXSourcesBuildPhase section */
		CA0ACC5E1CBB852A00B8E22E /* Sources */ = {
			isa = PBXSourcesBuildPhase;
			buildActionMask = 2147483647;
			files = (
				CA0ACC681CBB852A00B8E22E /* RecordSoundsViewController.swift in Sources */,
				CA0ACC781CC0EE2C00B8E22E /* PlaySoundsViewController.swift in Sources */,
				CA0ACC661CBB852A00B8E22E /* AppDelegate.swift in Sources */,
			);
			runOnlyForDeploymentPostprocessing = 0;
		};
/* End PBXSourcesBuildPhase section */

/* Begin PBXVariantGroup section */
		CA0ACC691CBB852A00B8E22E /* Main.storyboard */ = {
			isa = PBXVariantGroup;
			children = (
				CA0ACC6A1CBB852A00B8E22E /* Base */,
			);
			name = Main.storyboard;
			sourceTree = "<group>";
		};
		CA0ACC6E1CBB852A00B8E22E /* LaunchScreen.storyboard */ = {
			isa = PBXVariantGroup;
			children = (
				CA0ACC6F1CBB852A00B8E22E /* Base */,
			);
			name = LaunchScreen.storyboard;
			sourceTree = "<group>";
		};
/* End PBXVariantGroup section */

/* Begin XCBuildConfiguration section */
		CA0ACC721CBB852A00B8E22E /* Debug */ = {
			isa = XCBuildConfiguration;
			buildSettings = {
				ALWAYS_SEARCH_USER_PATHS = NO;
				CLANG_ANALYZER_NONNULL = YES;
				CLANG_CXX_LANGUAGE_STANDARD = "gnu++0x";
				CLANG_CXX_LIBRARY = "libc++";
				CLANG_ENABLE_MODULES = YES;
				CLANG_ENABLE_OBJC_ARC = YES;
				CLANG_WARN_BOOL_CONVERSION = YES;
				CLANG_WARN_CONSTANT_CONVERSION = YES;
				CLANG_WARN_DIRECT_OBJC_ISA_USAGE = YES_ERROR;
				CLANG_WARN_EMPTY_BODY = YES;
				CLANG_WARN_ENUM_CONVERSION = YES;
				CLANG_WARN_INT_CONVERSION = YES;
				CLANG_WARN_OBJC_ROOT_CLASS = YES_ERROR;
				CLANG_WARN_UNREACHABLE_CODE = YES;
				CLANG_WARN__DUPLICATE_METHOD_MATCH = YES;
				"CODE_SIGN_IDENTITY[sdk=iphoneos*]" = "iPhone Developer";
				COPY_PHASE_STRIP = NO;
				DEBUG_INFORMATION_FORMAT = dwarf;
				ENABLE_STRICT_OBJC_MSGSEND = YES;
				ENABLE_TESTABILITY = YES;
				GCC_C_LANGUAGE_STANDARD = gnu99;
				GCC_DYNAMIC_NO_PIC = NO;
				GCC_NO_COMMON_BLOCKS = YES;
				GCC_OPTIMIZATION_LEVEL = 0;
				GCC_PREPROCESSOR_DEFINITIONS = (
					"DEBUG=1",
					"$(inherited)",
				);
				GCC_WARN_64_TO_32_BIT_CONVERSION = YES;
				GCC_WARN_ABOUT_RETURN_TYPE = YES_ERROR;
				GCC_WARN_UNDECLARED_SELECTOR = YES;
				GCC_WARN_UNINITIALIZED_AUTOS = YES_AGGRESSIVE;
				GCC_WARN_UNUSED_FUNCTION = YES;
				GCC_WARN_UNUSED_VARIABLE = YES;
				IPHONEOS_DEPLOYMENT_TARGET = 9.3;
				MTL_ENABLE_DEBUG_INFO = YES;
				ONLY_ACTIVE_ARCH = YES;
				SDKROOT = iphoneos;
				SWIFT_OPTIMIZATION_LEVEL = "-Onone";
				TARGETED_DEVICE_FAMILY = "1,2";
			};
			name = Debug;
		};
		CA0ACC731CBB852A00B8E22E /* Release */ = {
			isa = XCBuildConfiguration;
			buildSettings = {
				ALWAYS_SEARCH_USER_PATHS = NO;
				CLANG_ANALYZER_NONNULL = YES;
				CLANG_CXX_LANGUAGE_STANDARD = "gnu++0x";
				CLANG_CXX_LIBRARY = "libc++";
				CLANG_ENABLE_MODULES = YES;
				CLANG_ENABLE_OBJC_ARC = YES;
				CLANG_WARN_BOOL_CONVERSION = YES;
				CLANG_WARN_CONSTANT_CONVERSION = YES;
				CLANG_WARN_DIRECT_OBJC_ISA_USAGE = YES_ERROR;
				CLANG_WARN_EMPTY_BODY = YES;
				CLANG_WARN_ENUM_CONVERSION = YES;
				CLANG_WARN_INT_CONVERSION = YES;
				CLANG_WARN_OBJC_ROOT_CLASS = YES_ERROR;
				CLANG_WARN_UNREACHABLE_CODE = YES;
				CLANG_WARN__DUPLICATE_METHOD_MATCH = YES;
				"CODE_SIGN_IDENTITY[sdk=iphoneos*]" = "iPhone Developer";
				COPY_PHASE_STRIP = NO;
				DEBUG_INFORMATION_FORMAT = "dwarf-with-dsym";
				ENABLE_NS_ASSERTIONS = NO;
				ENABLE_STRICT_OBJC_MSGSEND = YES;
				GCC_C_LANGUAGE_STANDARD = gnu99;
				GCC_NO_COMMON_BLOCKS = YES;
				GCC_WARN_64_TO_32_BIT_CONVERSION = YES;
				GCC_WARN_ABOUT_RETURN_TYPE = YES_ERROR;
				GCC_WARN_UNDECLARED_SELECTOR = YES;
				GCC_WARN_UNINITIALIZED_AUTOS = YES_AGGRESSIVE;
				GCC_WARN_UNUSED_FUNCTION = YES;
				GCC_WARN_UNUSED_VARIABLE = YES;
				IPHONEOS_DEPLOYMENT_TARGET = 9.3;
				MTL_ENABLE_DEBUG_INFO = NO;
				SDKROOT = iphoneos;
				TARGETED_DEVICE_FAMILY = "1,2";
				VALIDATE_PRODUCT = YES;
			};
			name = Release;
		};
		CA0ACC751CBB852A00B8E22E /* Debug */ = {
			isa = XCBuildConfiguration;
			buildSettings = {
				ASSETCATALOG_COMPILER_APPICON_NAME = AppIcon;
				INFOPLIST_FILE = PitchPerfect/Info.plist;
				LD_RUNPATH_SEARCH_PATHS = "$(inherited) @executable_path/Frameworks";
				PRODUCT_BUNDLE_IDENTIFIER = my.dev.PitchPerfect;
				PRODUCT_NAME = "$(TARGET_NAME)";
			};
			name = Debug;
		};
		CA0ACC761CBB852A00B8E22E /* Release */ = {
			isa = XCBuildConfiguration;
			buildSettings = {
				ASSETCATALOG_COMPILER_APPICON_NAME = AppIcon;
				INFOPLIST_FILE = PitchPerfect/Info.plist;
				LD_RUNPATH_SEARCH_PATHS = "$(inherited) @executable_path/Frameworks";
				PRODUCT_BUNDLE_IDENTIFIER = my.dev.PitchPerfect;
				PRODUCT_NAME = "$(TARGET_NAME)";
			};
			name = Release;
		};
/* End XCBuildConfiguration section */

/* Begin XCConfigurationList section */
		CA0ACC5D1CBB852A00B8E22E /* Build configuration list for PBXProject "PitchPerfect" */ = {
			isa = XCConfigurationList;
			buildConfigurations = (
				CA0ACC721CBB852A00B8E22E /* Debug */,
				CA0ACC731CBB852A00B8E22E /* Release */,
			);
			defaultConfigurationIsVisible = 0;
			defaultConfigurationName = Release;
		};
		CA0ACC741CBB852A00B8E22E /* Build configuration list for PBXNativeTarget "PitchPerfect" */ = {
			isa = XCConfigurationList;
			buildConfigurations = (
				CA0ACC751CBB852A00B8E22E /* Debug */,
				CA0ACC761CBB852A00B8E22E /* Release */,
			);
			defaultConfigurationIsVisible = 0;
		};
/* End XCConfigurationList section */
	};
	rootObject = CA0ACC5A1CBB852A00B8E22E /* Project object */;
}
